PODS:
  - Macaw (0.8.2):
    - SWXMLHash (~> 4.2.0)
  - SWXMLHash (4.2.2)

DEPENDENCIES:
  - Macaw (from `../`)

EXTERNAL SOURCES:
  Macaw:
    :path: ../

SPEC CHECKSUMS:
  Macaw: c89acb8c9cc08523374a0eeb2511585bc3c0df30
  SWXMLHash: 84463c0767c7c117990d2b15dd2d922dc2a689fa

PODFILE CHECKSUM: d31ba0b2048e70405adc9fbdda765e648c849781

COCOAPODS: 1.3.1
